
Microsoft Visual Studio Solution File, Format Version 12.00
# Visual Studio Version 17
VisualStudioVersion = 17.8.0.0
MinimumVisualStudioVersion = 10.0.40219.1
Project("{9A19103F-16F7-4668-BE54-9A1E7A4F7556}") = "MCPServer.ToolTemplate", "src\MCPServer.ToolTemplate\MCPServer.ToolTemplate.csproj", "{B2C3D4E5-F6G7-4H8I-9J0K-1L2M3N4O5P6Q}"
EndProject
Project("{9A19103F-16F7-4668-BE54-9A1E7A4F7556}") = "MCPServer.Examples", "src\MCPServer.Examples\MCPServer.Examples.csproj", "{C3D4E5F6-G7H8-4I9J-0K1L-2M3N4O5P6Q7R}"
EndProject
Global
	GlobalSection(SolutionConfigurationPlatforms) = preSolution
		Debug|Any CPU = Debug|Any CPU
		Release|Any CPU = Release|Any CPU
	EndGlobalSection
	GlobalSection(ProjectConfigurationPlatforms) = postSolution
		{B2C3D4E5-F6G7-4H8I-9J0K-1L2M3N4O5P6Q}.Debug|Any CPU.ActiveCfg = Debug|Any CPU
		{B2C3D4E5-F6G7-4H8I-9J0K-1L2M3N4O5P6Q}.Debug|Any CPU.Build.0 = Debug|Any CPU
		{B2C3D4E5-F6G7-4H8I-9J0K-1L2M3N4O5P6Q}.Release|Any CPU.ActiveCfg = Release|Any CPU
		{B2C3D4E5-F6G7-4H8I-9J0K-1L2M3N4O5P6Q}.Release|Any CPU.Build.0 = Release|Any CPU
		{C3D4E5F6-G7H8-4I9J-0K1L-2M3N4O5P6Q7R}.Debug|Any CPU.ActiveCfg = Debug|Any CPU
		{C3D4E5F6-G7H8-4I9J-0K1L-2M3N4O5P6Q7R}.Debug|Any CPU.Build.0 = Debug|Any CPU
		{C3D4E5F6-G7H8-4I9J-0K1L-2M3N4O5P6Q7R}.Release|Any CPU.ActiveCfg = Release|Any CPU
		{C3D4E5F6-G7H8-4I9J-0K1L-2M3N4O5P6Q7R}.Release|Any CPU.Build.0 = Release|Any CPU
	EndGlobalSection
EndGlobal
